
Microsoft Visual Studio Solution File, Format Version 12.00
# Visual Studio Version 17
VisualStudioVersion = 17.9.34728.123
MinimumVisualStudioVersion = 10.0.40219.1
Project("{9A19103F-16F7-4668-BE54-9A1E7A4F7556}") = "Trendit_ProjectAPI", "Trendit_ProjectAPI\Trendit_ProjectAPI.csproj", "{3E9144C8-4B37-4EFC-A900-A18FB465984B}"
EndProject
Project("{9A19103F-16F7-4668-BE54-9A1E7A4F7556}") = "Trendit_Project_Web", "Trendit_Project_Web\Trendit_Project_Web.csproj", "{4A78BBE1-67E1-4070-B6E6-DACF171E4D3E}"
EndProject
Project("{FAE04EC0-301F-11D3-BF4B-00C04F79EFBC}") = "Trendit_Project_Utility", "Trendit_Project_Utility\Trendit_Project_Utility.csproj", "{23729B12-BBDF-4097-9011-9D87AE4CDD92}"
EndProject
Global
	GlobalSection(SolutionConfigurationPlatforms) = preSolution
		Debug|Any CPU = Debug|Any CPU
		Release|Any CPU = Release|Any CPU
	EndGlobalSection
	GlobalSection(ProjectConfigurationPlatforms) = postSolution
		{3E9144C8-4B37-4EFC-A900-A18FB465984B}.Debug|Any CPU.ActiveCfg = Debug|Any CPU
		{3E9144C8-4B37-4EFC-A900-A18FB465984B}.Debug|Any CPU.Build.0 = Debug|Any CPU
		{3E9144C8-4B37-4EFC-A900-A18FB465984B}.Release|Any CPU.ActiveCfg = Release|Any CPU
		{3E9144C8-4B37-4EFC-A900-A18FB465984B}.Release|Any CPU.Build.0 = Release|Any CPU
		{4A78BBE1-67E1-4070-B6E6-DACF171E4D3E}.Debug|Any CPU.ActiveCfg = Debug|Any CPU
		{4A78BBE1-67E1-4070-B6E6-DACF171E4D3E}.Debug|Any CPU.Build.0 = Debug|Any CPU
		{4A78BBE1-67E1-4070-B6E6-DACF171E4D3E}.Release|Any CPU.ActiveCfg = Release|Any CPU
		{4A78BBE1-67E1-4070-B6E6-DACF171E4D3E}.Release|Any CPU.Build.0 = Release|Any CPU
		{23729B12-BBDF-4097-9011-9D87AE4CDD92}.Debug|Any CPU.ActiveCfg = Debug|Any CPU
		{23729B12-BBDF-4097-9011-9D87AE4CDD92}.Debug|Any CPU.Build.0 = Debug|Any CPU
		{23729B12-BBDF-4097-9011-9D87AE4CDD92}.Release|Any CPU.ActiveCfg = Release|Any CPU
		{23729B12-BBDF-4097-9011-9D87AE4CDD92}.Release|Any CPU.Build.0 = Release|Any CPU
	EndGlobalSection
	GlobalSection(SolutionProperties) = preSolution
		HideSolutionNode = FALSE
	EndGlobalSection
	GlobalSection(ExtensibilityGlobals) = postSolution
		SolutionGuid = {FC317611-1455-43C8-B117-D5073018BD2E}
	EndGlobalSection
EndGlobal
