
Microsoft Visual Studio Solution File, Format Version 12.00
# Visual Studio Version 17
VisualStudioVersion = 17.9.34728.123
MinimumVisualStudioVersion = 10.0.40219.1
Project("{FAE04EC0-301F-11D3-BF4B-00C04F79EFBC}") = "Trendit_ProjectAPI", "Trendit_ProjectAPI\Trendit_ProjectAPI.csproj", "{3E9144C8-4B37-4EFC-A900-A18FB465984B}"
EndProject
Global
	GlobalSection(SolutionConfigurationPlatforms) = preSolution
		Debug|Any CPU = Debug|Any CPU
		Release|Any CPU = Release|Any CPU
	EndGlobalSection
	GlobalSection(ProjectConfigurationPlatforms) = postSolution
		{3E9144C8-4B37-4EFC-A900-A18FB465984B}.Debug|Any CPU.ActiveCfg = Debug|Any CPU
		{3E9144C8-4B37-4EFC-A900-A18FB465984B}.Debug|Any CPU.Build.0 = Debug|Any CPU
		{3E9144C8-4B37-4EFC-A900-A18FB465984B}.Release|Any CPU.ActiveCfg = Release|Any CPU
		{3E9144C8-4B37-4EFC-A900-A18FB465984B}.Release|Any CPU.Build.0 = Release|Any CPU
	EndGlobalSection
	GlobalSection(SolutionProperties) = preSolution
		HideSolutionNode = FALSE
	EndGlobalSection
	GlobalSection(ExtensibilityGlobals) = postSolution
		SolutionGuid = {FC317611-1455-43C8-B117-D5073018BD2E}
	EndGlobalSection
EndGlobal
